# THIS IS AN AUTOGENERATED FILE. DO NOT EDIT THIS FILE DIRECTLY.
# yarn lockfile v1


test-dependent-first@^1.0.0:
  version "1.0.0"
  resolved "https://registry.yarnpkg.com/test-dependent-first/-/test-dependent-first-1.0.0.tgz#d0c5e54ffc329533ffbee2f5f9a36f0c18ce383e"
  integrity sha512-c3RUOE11aKyZ9fTXZVpGiSoCTq+QSC8bGC7GP4hYSYgTW9Nb2mwu0LO928XF5s0Mrict46gr+nt0NB8DyHVQAg==

test-dependent-second@^1.0.0:
  version "1.0.0"
  resolved "https://registry.yarnpkg.com/test-dependent-second/-/test-dependent-second-1.0.0.tgz#99a4d05a56a27f2861fe8fb0f30391d385e44eac"
  integrity sha512-rFIaChfx/nTA9qNe9dh7YqUlYVLOpwT1x/w4/f7Yzm2NTZ2Zcn0Fx70r43atd/3nVAP92yxYCukWbmKb7REVyw==
