# THIS IS AN AUTOGENERATED FILE. DO NOT EDIT THIS FILE DIRECTLY.
# yarn lockfile v1


test-dependent-first@^1.0.1:
  version "1.0.1"
  resolved "https://registry.yarnpkg.com/test-dependent-first/-/test-dependent-first-1.0.1.tgz#d692db23a509aa526391ac34f824fb222510526b"
  integrity sha512-j/LLZcbAhTnm08gkZVhFikVf4W2U57+rrqGZP39h+wYUnZzBD2sswNg5nJkylYtpHH4gIcEdj1+LbIr3D4GDLw==

test-dependent-second@^1.0.0:
  version "1.0.0"
  resolved "https://registry.yarnpkg.com/test-dependent-second/-/test-dependent-second-1.0.0.tgz#99a4d05a56a27f2861fe8fb0f30391d385e44eac"
  integrity sha512-rFIaChfx/nTA9qNe9dh7YqUlYVLOpwT1x/w4/f7Yzm2NTZ2Zcn0Fx70r43atd/3nVAP92yxYCukWbmKb7REVyw==
